
Microsoft Visual Studio Solution File, Format Version 12.00
# Visual Studio Version 17
VisualStudioVersion = 17.9.34728.123
MinimumVisualStudioVersion = 10.0.40219.1
Project("{9A19103F-16F7-4668-BE54-9A1E7A4F7556}") = "014_Basic_if", "014_Basic_if\014_Basic_if.csproj", "{C45F20D3-7611-4D26-885D-8C6DE12D2541}"
EndProject
Project("{9A19103F-16F7-4668-BE54-9A1E7A4F7556}") = "015_Advanced_IF", "015_Advanced_IF\015_Advanced_IF.csproj", "{D41AC5AC-9A03-4222-B240-2E1E77ED3A05}"
EndProject
Project("{9A19103F-16F7-4668-BE54-9A1E7A4F7556}") = "016_Switch", "016_Switch\016_Switch.csproj", "{BE58FA6D-9E17-4C7A-89A5-0D604BE99C97}"
EndProject
Project("{9A19103F-16F7-4668-BE54-9A1E7A4F7556}") = "017_HomeWork3", "017_HomeWork3\017_HomeWork3.csproj", "{8B69959E-313A-42AB-A229-012899109A0A}"
EndProject
Project("{FAE04EC0-301F-11D3-BF4B-00C04F79EFBC}") = "018_Requirments", "018_Requirments\018_Requirments.csproj", "{442AE347-DD71-4CBD-8687-B374B44EC69E}"
EndProject
Global
	GlobalSection(SolutionConfigurationPlatforms) = preSolution
		Debug|Any CPU = Debug|Any CPU
		Release|Any CPU = Release|Any CPU
	EndGlobalSection
	GlobalSection(ProjectConfigurationPlatforms) = postSolution
		{C45F20D3-7611-4D26-885D-8C6DE12D2541}.Debug|Any CPU.ActiveCfg = Debug|Any CPU
		{C45F20D3-7611-4D26-885D-8C6DE12D2541}.Debug|Any CPU.Build.0 = Debug|Any CPU
		{C45F20D3-7611-4D26-885D-8C6DE12D2541}.Release|Any CPU.ActiveCfg = Release|Any CPU
		{C45F20D3-7611-4D26-885D-8C6DE12D2541}.Release|Any CPU.Build.0 = Release|Any CPU
		{D41AC5AC-9A03-4222-B240-2E1E77ED3A05}.Debug|Any CPU.ActiveCfg = Debug|Any CPU
		{D41AC5AC-9A03-4222-B240-2E1E77ED3A05}.Debug|Any CPU.Build.0 = Debug|Any CPU
		{D41AC5AC-9A03-4222-B240-2E1E77ED3A05}.Release|Any CPU.ActiveCfg = Release|Any CPU
		{D41AC5AC-9A03-4222-B240-2E1E77ED3A05}.Release|Any CPU.Build.0 = Release|Any CPU
		{BE58FA6D-9E17-4C7A-89A5-0D604BE99C97}.Debug|Any CPU.ActiveCfg = Debug|Any CPU
		{BE58FA6D-9E17-4C7A-89A5-0D604BE99C97}.Debug|Any CPU.Build.0 = Debug|Any CPU
		{BE58FA6D-9E17-4C7A-89A5-0D604BE99C97}.Release|Any CPU.ActiveCfg = Release|Any CPU
		{BE58FA6D-9E17-4C7A-89A5-0D604BE99C97}.Release|Any CPU.Build.0 = Release|Any CPU
		{8B69959E-313A-42AB-A229-012899109A0A}.Debug|Any CPU.ActiveCfg = Debug|Any CPU
		{8B69959E-313A-42AB-A229-012899109A0A}.Debug|Any CPU.Build.0 = Debug|Any CPU
		{8B69959E-313A-42AB-A229-012899109A0A}.Release|Any CPU.ActiveCfg = Release|Any CPU
		{8B69959E-313A-42AB-A229-012899109A0A}.Release|Any CPU.Build.0 = Release|Any CPU
		{442AE347-DD71-4CBD-8687-B374B44EC69E}.Debug|Any CPU.ActiveCfg = Debug|Any CPU
		{442AE347-DD71-4CBD-8687-B374B44EC69E}.Debug|Any CPU.Build.0 = Debug|Any CPU
		{442AE347-DD71-4CBD-8687-B374B44EC69E}.Release|Any CPU.ActiveCfg = Release|Any CPU
		{442AE347-DD71-4CBD-8687-B374B44EC69E}.Release|Any CPU.Build.0 = Release|Any CPU
	EndGlobalSection
	GlobalSection(SolutionProperties) = preSolution
		HideSolutionNode = FALSE
	EndGlobalSection
	GlobalSection(ExtensibilityGlobals) = postSolution
		SolutionGuid = {E4149ABF-6F2E-49F5-85A9-D32BCEC9F4DD}
	EndGlobalSection
EndGlobal
