
Microsoft Visual Studio Solution File, Format Version 12.00
# Visual Studio Version 17
VisualStudioVersion = 17.9.34728.123
MinimumVisualStudioVersion = 10.0.40219.1
Project("{FAE04EC0-301F-11D3-BF4B-00C04F79EFBC}") = "RunningSum", "RunningSum\RunningSum.csproj", "{BDFCBEDD-C92B-45CF-A7C4-6A75D06BFB3F}"
EndProject
Global
	GlobalSection(SolutionConfigurationPlatforms) = preSolution
		Debug|Any CPU = Debug|Any CPU
		Release|Any CPU = Release|Any CPU
	EndGlobalSection
	GlobalSection(ProjectConfigurationPlatforms) = postSolution
		{BDFCBEDD-C92B-45CF-A7C4-6A75D06BFB3F}.Debug|Any CPU.ActiveCfg = Debug|Any CPU
		{BDFCBEDD-C92B-45CF-A7C4-6A75D06BFB3F}.Debug|Any CPU.Build.0 = Debug|Any CPU
		{BDFCBEDD-C92B-45CF-A7C4-6A75D06BFB3F}.Release|Any CPU.ActiveCfg = Release|Any CPU
		{BDFCBEDD-C92B-45CF-A7C4-6A75D06BFB3F}.Release|Any CPU.Build.0 = Release|Any CPU
	EndGlobalSection
	GlobalSection(SolutionProperties) = preSolution
		HideSolutionNode = FALSE
	EndGlobalSection
	GlobalSection(ExtensibilityGlobals) = postSolution
		SolutionGuid = {B80EEA5F-AA89-4FD0-9F3D-D02959B49FED}
	EndGlobalSection
EndGlobal
