
Microsoft Visual Studio Solution File, Format Version 12.00
# Visual Studio Version 17
VisualStudioVersion = 17.9.34728.123
MinimumVisualStudioVersion = 10.0.40219.1
Project("{FAE04EC0-301F-11D3-BF4B-00C04F79EFBC}") = "001_FirstProgram", "001_FirstProgram\001_FirstProgram.csproj", "{A6A80376-8305-4F47-B4D1-EEA3CCF82FAD}"
EndProject
Project("{FAE04EC0-301F-11D3-BF4B-00C04F79EFBC}") = "002_Variables", "002_Variables\002_Variables.csproj", "{CDFC0DA0-0E31-4F0E-8F06-C40B770D9FB6}"
EndProject
Project("{FAE04EC0-301F-11D3-BF4B-00C04F79EFBC}") = "TODO", "TODO\TODO.csproj", "{81D06A0B-E132-4E0B-B432-365C4264DF01}"
EndProject
Global
	GlobalSection(SolutionConfigurationPlatforms) = preSolution
		Debug|Any CPU = Debug|Any CPU
		Release|Any CPU = Release|Any CPU
	EndGlobalSection
	GlobalSection(ProjectConfigurationPlatforms) = postSolution
		{A6A80376-8305-4F47-B4D1-EEA3CCF82FAD}.Debug|Any CPU.ActiveCfg = Debug|Any CPU
		{A6A80376-8305-4F47-B4D1-EEA3CCF82FAD}.Debug|Any CPU.Build.0 = Debug|Any CPU
		{A6A80376-8305-4F47-B4D1-EEA3CCF82FAD}.Release|Any CPU.ActiveCfg = Release|Any CPU
		{A6A80376-8305-4F47-B4D1-EEA3CCF82FAD}.Release|Any CPU.Build.0 = Release|Any CPU
		{CDFC0DA0-0E31-4F0E-8F06-C40B770D9FB6}.Debug|Any CPU.ActiveCfg = Debug|Any CPU
		{CDFC0DA0-0E31-4F0E-8F06-C40B770D9FB6}.Debug|Any CPU.Build.0 = Debug|Any CPU
		{CDFC0DA0-0E31-4F0E-8F06-C40B770D9FB6}.Release|Any CPU.ActiveCfg = Release|Any CPU
		{CDFC0DA0-0E31-4F0E-8F06-C40B770D9FB6}.Release|Any CPU.Build.0 = Release|Any CPU
		{81D06A0B-E132-4E0B-B432-365C4264DF01}.Debug|Any CPU.ActiveCfg = Debug|Any CPU
		{81D06A0B-E132-4E0B-B432-365C4264DF01}.Debug|Any CPU.Build.0 = Debug|Any CPU
		{81D06A0B-E132-4E0B-B432-365C4264DF01}.Release|Any CPU.ActiveCfg = Release|Any CPU
		{81D06A0B-E132-4E0B-B432-365C4264DF01}.Release|Any CPU.Build.0 = Release|Any CPU
	EndGlobalSection
	GlobalSection(SolutionProperties) = preSolution
		HideSolutionNode = FALSE
	EndGlobalSection
	GlobalSection(ExtensibilityGlobals) = postSolution
		SolutionGuid = {2CFAA728-C15F-4238-A3A7-1672E614AE79}
	EndGlobalSection
EndGlobal
